
Microsoft Visual Studio Solution File, Format Version 12.00
# Visual Studio Version 16
VisualStudioVersion = 16.0.30914.41
MinimumVisualStudioVersion = 10.0.40219.1
Project("{FAE04EC0-301F-11D3-BF4B-00C04F79EFBC}") = "WebApplication2", "WebApplication2\WebApplication2.csproj", "{240F17C0-A28C-4503-AEF1-CC07F6560DED}"
EndProject
Global
	GlobalSection(SolutionConfigurationPlatforms) = preSolution
		Debug|Any CPU = Debug|Any CPU
		Release|Any CPU = Release|Any CPU
	EndGlobalSection
	GlobalSection(ProjectConfigurationPlatforms) = postSolution
		{240F17C0-A28C-4503-AEF1-CC07F6560DED}.Debug|Any CPU.ActiveCfg = Debug|Any CPU
		{240F17C0-A28C-4503-AEF1-CC07F6560DED}.Debug|Any CPU.Build.0 = Debug|Any CPU
		{240F17C0-A28C-4503-AEF1-CC07F6560DED}.Release|Any CPU.ActiveCfg = Release|Any CPU
		{240F17C0-A28C-4503-AEF1-CC07F6560DED}.Release|Any CPU.Build.0 = Release|Any CPU
	EndGlobalSection
	GlobalSection(SolutionProperties) = preSolution
		HideSolutionNode = FALSE
	EndGlobalSection
	GlobalSection(ExtensibilityGlobals) = postSolution
		SolutionGuid = {9E462874-F8DE-4234-AC40-00075420F6D0}
	EndGlobalSection
EndGlobal
